
Microsoft Visual Studio Solution File, Format Version 12.00
# Visual Studio Version 17
VisualStudioVersion = 17.0.31912.275
MinimumVisualStudioVersion = 10.0.40219.1
Project("{2150E333-8FDC-42A3-9474-1A3956D46DE8}") = "src", "src", "{62218636-53ED-46C7-9A9C-5011BC104BFA}"
EndProject
Project("{2150E333-8FDC-42A3-9474-1A3956D46DE8}") = "sample", "sample", "{C1291553-D32F-4E61-AA05-1C1657D2280F}"
EndProject
Project("{9A19103F-16F7-4668-BE54-9A1E7A4F7556}") = "Liyanjie.Blazor.Medias", "src\Liyanjie.Blazor.Medias\Liyanjie.Blazor.Medias.csproj", "{C8A4FFDE-0413-4C8E-A043-8E9BD20938B1}"
EndProject
Project("{FAE04EC0-301F-11D3-BF4B-00C04F79EFBC}") = "Liyanjie.Blazor.Medias.Sample.BlazorServer", "sample\Liyanjie.Blazor.Medias.Sample.BlazorServer\Liyanjie.Blazor.Medias.Sample.BlazorServer.csproj", "{4CF68AF3-61AA-4031-9A3C-88CDD9F2F19E}"
EndProject
Project("{2150E333-8FDC-42A3-9474-1A3956D46DE8}") = "Solution Items", "Solution Items", "{548E114E-2E36-4A5E-A5A0-8A9288879A19}"
	ProjectSection(SolutionItems) = preProject
		liyanjie.net.256.png = liyanjie.net.256.png
		README.md = README.md
	EndProjectSection
EndProject
Global
	GlobalSection(SolutionConfigurationPlatforms) = preSolution
		Debug|Any CPU = Debug|Any CPU
		Release|Any CPU = Release|Any CPU
	EndGlobalSection
	GlobalSection(ProjectConfigurationPlatforms) = postSolution
		{C8A4FFDE-0413-4C8E-A043-8E9BD20938B1}.Debug|Any CPU.ActiveCfg = Debug|Any CPU
		{C8A4FFDE-0413-4C8E-A043-8E9BD20938B1}.Debug|Any CPU.Build.0 = Debug|Any CPU
		{C8A4FFDE-0413-4C8E-A043-8E9BD20938B1}.Release|Any CPU.ActiveCfg = Release|Any CPU
		{C8A4FFDE-0413-4C8E-A043-8E9BD20938B1}.Release|Any CPU.Build.0 = Release|Any CPU
		{4CF68AF3-61AA-4031-9A3C-88CDD9F2F19E}.Debug|Any CPU.ActiveCfg = Debug|Any CPU
		{4CF68AF3-61AA-4031-9A3C-88CDD9F2F19E}.Debug|Any CPU.Build.0 = Debug|Any CPU
		{4CF68AF3-61AA-4031-9A3C-88CDD9F2F19E}.Release|Any CPU.ActiveCfg = Release|Any CPU
		{4CF68AF3-61AA-4031-9A3C-88CDD9F2F19E}.Release|Any CPU.Build.0 = Release|Any CPU
	EndGlobalSection
	GlobalSection(SolutionProperties) = preSolution
		HideSolutionNode = FALSE
	EndGlobalSection
	GlobalSection(NestedProjects) = preSolution
		{C8A4FFDE-0413-4C8E-A043-8E9BD20938B1} = {62218636-53ED-46C7-9A9C-5011BC104BFA}
		{4CF68AF3-61AA-4031-9A3C-88CDD9F2F19E} = {C1291553-D32F-4E61-AA05-1C1657D2280F}
	EndGlobalSection
	GlobalSection(ExtensibilityGlobals) = postSolution
		SolutionGuid = {7B85873C-8DDB-4A04-B9E1-F83B7B7F6D56}
	EndGlobalSection
EndGlobal
